
Microsoft Visual Studio Solution File, Format Version 12.00
# Visual Studio Version 17
VisualStudioVersion = 17.0.31903.59
MinimumVisualStudioVersion = 10.0.40219.1
Project("{2150E333-8FDC-42A3-9474-1A3956D46DE8}") = "src", "src", "{F6F7FFD3-7A58-4D42-B322-DE214FE3336C}"
EndProject
Project("{F2A71F9B-5D33-465A-A702-920D77279786}") = "CIT.App", "src\CIT.App\CIT.App.fsproj", "{61E1ED58-0BFC-4A39-B073-9483876D22F1}"
EndProject
Global
	GlobalSection(SolutionConfigurationPlatforms) = preSolution
		Debug|Any CPU = Debug|Any CPU
		Release|Any CPU = Release|Any CPU
	EndGlobalSection
	GlobalSection(SolutionProperties) = preSolution
		HideSolutionNode = FALSE
	EndGlobalSection
	GlobalSection(ProjectConfigurationPlatforms) = postSolution
		{61E1ED58-0BFC-4A39-B073-9483876D22F1}.Debug|Any CPU.ActiveCfg = Debug|Any CPU
		{61E1ED58-0BFC-4A39-B073-9483876D22F1}.Debug|Any CPU.Build.0 = Debug|Any CPU
		{61E1ED58-0BFC-4A39-B073-9483876D22F1}.Release|Any CPU.ActiveCfg = Release|Any CPU
		{61E1ED58-0BFC-4A39-B073-9483876D22F1}.Release|Any CPU.Build.0 = Release|Any CPU
	EndGlobalSection
	GlobalSection(NestedProjects) = preSolution
		{61E1ED58-0BFC-4A39-B073-9483876D22F1} = {F6F7FFD3-7A58-4D42-B322-DE214FE3336C}
	EndGlobalSection
EndGlobal
