
Microsoft Visual Studio Solution File, Format Version 12.00
# Visual Studio Version 17
VisualStudioVersion = 17.0.31903.59
MinimumVisualStudioVersion = 10.0.40219.1
Project("{2150E333-8FDC-42A3-9474-1A3956D46DE8}") = "src", "src", "{0C0E8618-BF5D-47B1-A504-78D2B23D06A3}"
EndProject
Project("{F2A71F9B-5D33-465A-A702-920D77279786}") = "appv2test2", "src\appv2test2\appv2test2.fsproj", "{B1476517-77EF-4F08-BDEA-4B9FC5FCDB76}"
EndProject
Global
	GlobalSection(SolutionConfigurationPlatforms) = preSolution
		Debug|Any CPU = Debug|Any CPU
		Release|Any CPU = Release|Any CPU
	EndGlobalSection
	GlobalSection(SolutionProperties) = preSolution
		HideSolutionNode = FALSE
	EndGlobalSection
	GlobalSection(ProjectConfigurationPlatforms) = postSolution
		{B1476517-77EF-4F08-BDEA-4B9FC5FCDB76}.Debug|Any CPU.ActiveCfg = Debug|Any CPU
		{B1476517-77EF-4F08-BDEA-4B9FC5FCDB76}.Debug|Any CPU.Build.0 = Debug|Any CPU
		{B1476517-77EF-4F08-BDEA-4B9FC5FCDB76}.Release|Any CPU.ActiveCfg = Release|Any CPU
		{B1476517-77EF-4F08-BDEA-4B9FC5FCDB76}.Release|Any CPU.Build.0 = Release|Any CPU
	EndGlobalSection
	GlobalSection(NestedProjects) = preSolution
		{B1476517-77EF-4F08-BDEA-4B9FC5FCDB76} = {0C0E8618-BF5D-47B1-A504-78D2B23D06A3}
	EndGlobalSection
EndGlobal
